<?xml version="1.0" encoding="utf-8"?>
<Project ToolsVersion="4.0" xmlns="http://schemas.microsoft.com/developer/msbuild/2003">
  <ItemGroup>
    <Filter Include="Source Files">
      <UniqueIdentifier>{4FC737F1-C7A5-4376-A066-2A32D752A2FF}</UniqueIdentifier>
      <Extensions>cpp;c;cc;cxx;def;odl;idl;hpj;bat;asm;asmx</Extensions>
    </Filter>
    <Filter Include="Header Files">
      <UniqueIdentifier>{93995380-89BD-4b04-88EB-625FBE52EBFB}</UniqueIdentifier>
      <Extensions>h;hh;hpp;hxx;hm;inl;inc;xsd</Extensions>
    </Filter>
    <Filter Include="Resource Files">
      <UniqueIdentifier>{67DA6AB6-F800-4c08-8B7A-83BB121AAD01}</UniqueIdentifier>
      <Extensions>rc;ico;cur;bmp;dlg;rc2;rct;bin;rgs;gif;jpg;jpeg;jpe;resx;tiff;tif;png;wav;mfcribbon-ms</Extensions>
    </Filter>
    <Filter Include="Commands">
      <UniqueIdentifier>{35d7d4d9-c16d-4ec8-87ec-17337ff94479}</UniqueIdentifier>
    </Filter>
    <Filter Include="Interfaces">
      <UniqueIdentifier>{1e021656-203e-4cc3-9458-604747cb1612}</UniqueIdentifier>
    </Filter>
    <Filter Include="Commands\Header Files">
      <UniqueIdentifier>{7e45aa95-bae1-4e2a-95ac-bf0eaf8496e4}</UniqueIdentifier>
    </Filter>
    <Filter Include="Commands\Source Files">
      <UniqueIdentifier>{f5f55d4c-b325-4046-984e-9676b509db03}</UniqueIdentifier>
    </Filter>
    <Filter Include="Enums">
      <UniqueIdentifier>{4aa45d9a-9587-4913-b8d9-d0646732f49a}</UniqueIdentifier>
    </Filter>
    <Filter Include="Actors">
      <UniqueIdentifier>{a1079610-795b-41d5-8fd6-623ec821911e}</UniqueIdentifier>
    </Filter>
    <Filter Include="Actors\Header Files">
      <UniqueIdentifier>{b8388bda-bccc-4919-a6f0-c0a97a4d6add}</UniqueIdentifier>
    </Filter>
    <Filter Include="Actors\Source Files">
      <UniqueIdentifier>{017722c9-0782-4287-bf34-96ad7ce11dad}</UniqueIdentifier>
    </Filter>
  </ItemGroup>
  <ItemGroup>
    <ClInclude Include="stdafx.h">
      <Filter>Header Files</Filter>
    </ClInclude>
    <ClInclude Include="targetver.h">
      <Filter>Header Files</Filter>
    </ClInclude>
    <ClInclude Include="Room.h">
      <Filter>Header Files</Filter>
    </ClInclude>
    <ClInclude Include="rapidxml.hpp">
      <Filter>Header Files</Filter>
    </ClInclude>
    <ClInclude Include="rapidxml_iterators.hpp">
      <Filter>Header Files</Filter>
    </ClInclude>
    <ClInclude Include="rapidxml_print.hpp">
      <Filter>Header Files</Filter>
    </ClInclude>
    <ClInclude Include="rapidxml_utils.hpp">
      <Filter>Header Files</Filter>
    </ClInclude>
    <ClInclude Include="GameSettings.h">
      <Filter>Header Files</Filter>
    </ClInclude>
    <ClInclude Include="Command.h">
      <Filter>Header Files</Filter>
    </ClInclude>
    <ClInclude Include="TreasureCase.h">
      <Filter>Header Files</Filter>
    </ClInclude>
    <ClInclude Include="Item.h">
      <Filter>Header Files</Filter>
    </ClInclude>
    <ClInclude Include="Utils.h">
      <Filter>Header Files</Filter>
    </ClInclude>
    <ClInclude Include="ObjectBase.h">
      <Filter>Header Files</Filter>
    </ClInclude>
    <ClInclude Include="DescribableObjectInterface.h">
      <Filter>Interfaces</Filter>
    </ClInclude>
    <ClInclude Include="Map.h">
      <Filter>Header Files</Filter>
    </ClInclude>
    <ClInclude Include="LookCommand.h">
      <Filter>Commands\Header Files</Filter>
    </ClInclude>
    <ClInclude Include="MoveCommand.h">
      <Filter>Commands\Header Files</Filter>
    </ClInclude>
    <ClInclude Include="TakeCommand.h">
      <Filter>Commands\Header Files</Filter>
    </ClInclude>
    <ClInclude Include="CommandInterface.h">
      <Filter>Commands\Header Files</Filter>
    </ClInclude>
    <ClInclude Include="Directions.h">
      <Filter>Enums</Filter>
    </ClInclude>
    <ClInclude Include="ItemType.h">
      <Filter>Enums</Filter>
    </ClInclude>
    <ClInclude Include="ObjectType.h">
      <Filter>Enums</Filter>
    </ClInclude>
    <ClInclude Include="ActionType.h">
      <Filter>Enums</Filter>
    </ClInclude>
    <ClInclude Include="DropCommand.h">
      <Filter>Commands\Header Files</Filter>
    </ClInclude>
    <ClInclude Include="CommandFactory.h">
      <Filter>Commands\Header Files</Filter>
    </ClInclude>
    <ClInclude Include="ActorBase.h">
      <Filter>Actors\Header Files</Filter>
    </ClInclude>
    <ClInclude Include="NPC.h">
      <Filter>Actors\Header Files</Filter>
    </ClInclude>
    <ClInclude Include="Player.h">
      <Filter>Actors\Header Files</Filter>
    </ClInclude>
    <ClInclude Include="ExamineCommand.h">
      <Filter>Commands\Header Files</Filter>
    </ClInclude>
    <ClInclude Include="FunCommand.h">
      <Filter>Commands\Header Files</Filter>
    </ClInclude>
    <ClInclude Include="ExitCommand.h">
      <Filter>Commands\Header Files</Filter>
    </ClInclude>
    <ClInclude Include="LoadCommand.h">
      <Filter>Commands\Header Files</Filter>
    </ClInclude>
    <ClInclude Include="SaveCommand.h">
      <Filter>Commands\Header Files</Filter>
    </ClInclude>
  </ItemGroup>
  <ItemGroup>
    <ClCompile Include="stdafx.cpp">
      <Filter>Source Files</Filter>
    </ClCompile>
    <ClCompile Include="TextAdventure.cpp">
      <Filter>Source Files</Filter>
    </ClCompile>
    <ClCompile Include="Room.cpp">
      <Filter>Source Files</Filter>
    </ClCompile>
    <ClCompile Include="GameSettings.cpp">
      <Filter>Source Files</Filter>
    </ClCompile>
    <ClCompile Include="Command.cpp">
      <Filter>Source Files</Filter>
    </ClCompile>
    <ClCompile Include="TreasureCase.cpp">
      <Filter>Source Files</Filter>
    </ClCompile>
    <ClCompile Include="Item.cpp">
      <Filter>Source Files</Filter>
    </ClCompile>
    <ClCompile Include="Utils.cpp">
      <Filter>Source Files</Filter>
    </ClCompile>
    <ClCompile Include="ObjectBase.cpp">
      <Filter>Source Files</Filter>
    </ClCompile>
    <ClCompile Include="DescribableObjectInterface.cpp">
      <Filter>Interfaces</Filter>
    </ClCompile>
    <ClCompile Include="Map.cpp">
      <Filter>Source Files</Filter>
    </ClCompile>
    <ClCompile Include="LookCommand.cpp">
      <Filter>Commands\Source Files</Filter>
    </ClCompile>
    <ClCompile Include="MoveCommand.cpp">
      <Filter>Commands\Source Files</Filter>
    </ClCompile>
    <ClCompile Include="TakeCommand.cpp">
      <Filter>Commands\Source Files</Filter>
    </ClCompile>
    <ClCompile Include="CommandInterface.cpp">
      <Filter>Commands\Source Files</Filter>
    </ClCompile>
    <ClCompile Include="DropCommand.cpp">
      <Filter>Commands\Source Files</Filter>
    </ClCompile>
    <ClCompile Include="CommandFactory.cpp">
      <Filter>Commands\Source Files</Filter>
    </ClCompile>
    <ClCompile Include="ActorBase.cpp">
      <Filter>Actors\Source Files</Filter>
    </ClCompile>
    <ClCompile Include="NPC.cpp">
      <Filter>Actors\Source Files</Filter>
    </ClCompile>
    <ClCompile Include="Player.cpp">
      <Filter>Actors\Source Files</Filter>
    </ClCompile>
    <ClCompile Include="ExamineCommand.cpp">
      <Filter>Commands\Source Files</Filter>
    </ClCompile>
    <ClCompile Include="FunCommand.cpp">
      <Filter>Commands\Source Files</Filter>
    </ClCompile>
    <ClCompile Include="ExitCommand.cpp">
      <Filter>Commands\Source Files</Filter>
    </ClCompile>
    <ClCompile Include="LoadCommand.cpp">
      <Filter>Commands\Source Files</Filter>
    </ClCompile>
    <ClCompile Include="SaveCommand.cpp">
      <Filter>Commands\Source Files</Filter>
    </ClCompile>
  </ItemGroup>
  <ItemGroup>
    <None Include="ReadMe.dat" />
    <None Include="verbs.dat" />
  </ItemGroup>
  <ItemGroup>
    <Xml Include="config.xml" />
  </ItemGroup>
</Project>